
Microsoft Visual Studio Solution File, Format Version 12.00
# Visual Studio Version 16
VisualStudioVersion = 16.0.31321.278
MinimumVisualStudioVersion = 10.0.40219.1
Project("{FAE04EC0-301F-11D3-BF4B-00C04F79EFBC}") = "MVC_Practica_AWS", "MVC_Practica_AWS\MVC_Practica_AWS.csproj", "{6EB1569F-4186-4DCA-B590-62A3532EC49D}"
EndProject
Global
	GlobalSection(SolutionConfigurationPlatforms) = preSolution
		Debug|Any CPU = Debug|Any CPU
		Release|Any CPU = Release|Any CPU
	EndGlobalSection
	GlobalSection(ProjectConfigurationPlatforms) = postSolution
		{6EB1569F-4186-4DCA-B590-62A3532EC49D}.Debug|Any CPU.ActiveCfg = Debug|Any CPU
		{6EB1569F-4186-4DCA-B590-62A3532EC49D}.Debug|Any CPU.Build.0 = Debug|Any CPU
		{6EB1569F-4186-4DCA-B590-62A3532EC49D}.Release|Any CPU.ActiveCfg = Release|Any CPU
		{6EB1569F-4186-4DCA-B590-62A3532EC49D}.Release|Any CPU.Build.0 = Release|Any CPU
	EndGlobalSection
	GlobalSection(SolutionProperties) = preSolution
		HideSolutionNode = FALSE
	EndGlobalSection
	GlobalSection(ExtensibilityGlobals) = postSolution
		SolutionGuid = {E8A4BE9C-0C04-4A21-8815-432B97F1555C}
	EndGlobalSection
EndGlobal
